PODS:
  - IKEventSource (1.1.3)
  - Jayme (2.0.0)
  - SwiftyJSON (2.3.2)

DEPENDENCIES:
  - IKEventSource
  - Jayme (from `git@github.com:inaka/Jayme.git`, branch `v2.0.1`)
  - SwiftyJSON

EXTERNAL SOURCES:
  Jayme:
    :branch: v2.0.1
    :git: git@github.com:inaka/Jayme.git

CHECKOUT OPTIONS:
  Jayme:
    :commit: f256145a7799dc2af183219c17dcf5e9170556af
    :git: git@github.com:inaka/Jayme.git

SPEC CHECKSUMS:
  IKEventSource: 323157f5afd0dd65e0742f8906f2f2bd1e747f3e
  Jayme: 3ad1eeca0dc3dd4e1db8266a63e82d641d5fc4c0
  SwiftyJSON: 04ccea08915aa0109039157c7974cf0298da292a

PODFILE CHECKSUM: cabc084d179fb1283d5ee3f817415a5326173628

COCOAPODS: 1.0.0
