PODS:
  - IKEventSource (1.2)
  - Jayme (2.0.2)

DEPENDENCIES:
  - IKEventSource (from `git@github.com:robbiet480/EventSource.git`, branch `swift3`)
  - Jayme (from `git@github.com:inaka/Jayme.git`, branch `swift3.0`)

EXTERNAL SOURCES:
  IKEventSource:
    :branch: swift3
    :git: git@github.com:robbiet480/EventSource.git
  Jayme:
    :branch: swift3.0
    :git: git@github.com:inaka/Jayme.git

CHECKOUT OPTIONS:
  IKEventSource:
    :commit: 888ccedd4af1bccb3847940553598ab80ee5fb9f
    :git: git@github.com:robbiet480/EventSource.git
  Jayme:
    :commit: 8946f910a22da5ac0ecc08f3015d571cd12fb24f
    :git: git@github.com:inaka/Jayme.git

SPEC CHECKSUMS:
  IKEventSource: a8b2ae0aa469d3dcf3a1d99a102430d46e95e8bd
  Jayme: a64fec6530e9812cf808a4ffa27e2cafd0bd0b1f

PODFILE CHECKSUM: 0fb10f3ccedc3bae39cd85da4542c9d58e7614cd

COCOAPODS: 1.0.1
