PODS:
  - IKEventSource (1.1.4)
  - Jayme (2.0.2)

DEPENDENCIES:
  - IKEventSource (from `git@github.com:inaka/EventSource.git`, branch `swift2.3`)
  - Jayme (from `git@github.com:inaka/Jayme.git`, branch `swift2.3`)

EXTERNAL SOURCES:
  IKEventSource:
    :branch: swift2.3
    :git: git@github.com:inaka/EventSource.git
  Jayme:
    :branch: swift2.3
    :git: git@github.com:inaka/Jayme.git

CHECKOUT OPTIONS:
  IKEventSource:
    :commit: 90667ff1e9bdaf68880e2135b076bd70437e2d77
    :git: git@github.com:inaka/EventSource.git
  Jayme:
    :commit: c341d565ada173e10eb582ebfc37201dce0d14d0
    :git: git@github.com:inaka/Jayme.git

SPEC CHECKSUMS:
  IKEventSource: 7a3b82627c83ce247fed75b1b03f0c32a0759639
  Jayme: a64fec6530e9812cf808a4ffa27e2cafd0bd0b1f

PODFILE CHECKSUM: 51c7f75dc60ed7ffd579658a0a6502fd4814ae3c

COCOAPODS: 1.0.1
