// !$*UTF8*$!
{
	archiveVersion = 1;
	classes = {
	};
	objectVersion = 46;
	objects = {

/* Begin PBXBuildFile section */
		564912881D11929300847447 /* NewsListener.swift in Sources */ = {isa = PBXBuildFile; fileRef = 564912871D11929300847447 /* NewsListener.swift */; };
		564C9DBE1D01CDA800CEEB8C /* Constants.swift in Sources */ = {isa = PBXBuildFile; fileRef = 564C9DBD1D01CDA800CEEB8C /* Constants.swift */; };
		56763AD51D0F1B1D008BF161 /* NewspaperSubscriptionTableViewCell.swift in Sources */ = {isa = PBXBuildFile; fileRef = 56763AD41D0F1B1D008BF161 /* NewspaperSubscriptionTableViewCell.swift */; };
		56763AD71D0F2D08008BF161 /* NewspaperSubscriptionDataSource.swift in Sources */ = {isa = PBXBuildFile; fileRef = 56763AD61D0F2D08008BF161 /* NewspaperSubscriptionDataSource.swift */; };
		56763AD91D0F4142008BF161 /* NewspaperNewsListViewController.swift in Sources */ = {isa = PBXBuildFile; fileRef = 56763AD81D0F4142008BF161 /* NewspaperNewsListViewController.swift */; };
		56763ADF1D0F5B57008BF161 /* NewsTableViewCell.xib in Resources */ = {isa = PBXBuildFile; fileRef = 56763ADD1D0F5B57008BF161 /* NewsTableViewCell.xib */; };
		56763AE11D103D45008BF161 /* NSURLSessionBackend+Otec.swift in Sources */ = {isa = PBXBuildFile; fileRef = 56763AE01D103D45008BF161 /* NSURLSessionBackend+Otec.swift */; };
		5698541A1D020AE5001B0F0F /* TextValidations.swift in Sources */ = {isa = PBXBuildFile; fileRef = 569854191D020AE5001B0F0F /* TextValidations.swift */; };
		56B689801D05B33B008D0320 /* UserNewspaperSession.swift in Sources */ = {isa = PBXBuildFile; fileRef = 56B6897F1D05B33B008D0320 /* UserNewspaperSession.swift */; };
		56B689861D05FB7C008D0320 /* NewsDataSource.swift in Sources */ = {isa = PBXBuildFile; fileRef = 56B689851D05FB7C008D0320 /* NewsDataSource.swift */; };
		56B689881D06103E008D0320 /* NewsTableViewCell.swift in Sources */ = {isa = PBXBuildFile; fileRef = 56B689871D06103E008D0320 /* NewsTableViewCell.swift */; };
		56BB72221CF4A8EF000A7006 /* NewsRepository.swift in Sources */ = {isa = PBXBuildFile; fileRef = 56BB72211CF4A8EF000A7006 /* NewsRepository.swift */; };
		56BB72241CF4CC5A000A7006 /* NewspaperRepository.swift in Sources */ = {isa = PBXBuildFile; fileRef = 56BB72231CF4CC5A000A7006 /* NewspaperRepository.swift */; };
		56BB7A5F1CE360590095045C /* AppDelegate.swift in Sources */ = {isa = PBXBuildFile; fileRef = 56BB7A5E1CE360590095045C /* AppDelegate.swift */; };
		56BB7A611CE360590095045C /* NewsFeedViewController.swift in Sources */ = {isa = PBXBuildFile; fileRef = 56BB7A601CE360590095045C /* NewsFeedViewController.swift */; };
		56BB7A641CE360590095045C /* Main.storyboard in Resources */ = {isa = PBXBuildFile; fileRef = 56BB7A621CE360590095045C /* Main.storyboard */; };
		56BB7A661CE360590095045C /* Assets.xcassets in Resources */ = {isa = PBXBuildFile; fileRef = 56BB7A651CE360590095045C /* Assets.xcassets */; };
		56BB7A691CE360590095045C /* LaunchScreen.storyboard in Resources */ = {isa = PBXBuildFile; fileRef = 56BB7A671CE360590095045C /* LaunchScreen.storyboard */; };
		56BB7A741CE360590095045C /* OtecTests.swift in Sources */ = {isa = PBXBuildFile; fileRef = 56BB7A731CE360590095045C /* OtecTests.swift */; };
		56BB7A7F1CE360590095045C /* OtecUITests.swift in Sources */ = {isa = PBXBuildFile; fileRef = 56BB7A7E1CE360590095045C /* OtecUITests.swift */; };
		56BB7A8D1CE375170095045C /* LoginViewController.swift in Sources */ = {isa = PBXBuildFile; fileRef = 56BB7A8C1CE375170095045C /* LoginViewController.swift */; };
		56BB7A8F1CE39A180095045C /* CreateNewspaperViewController.swift in Sources */ = {isa = PBXBuildFile; fileRef = 56BB7A8E1CE39A180095045C /* CreateNewspaperViewController.swift */; };
		56E1FD491CEE00FB001FC8A4 /* Newspaper.swift in Sources */ = {isa = PBXBuildFile; fileRef = 56E1FD481CEE00FB001FC8A4 /* Newspaper.swift */; };
		56E1FD4B1CEE0116001FC8A4 /* News.swift in Sources */ = {isa = PBXBuildFile; fileRef = 56E1FD4A1CEE0116001FC8A4 /* News.swift */; };
		56E34B5C1D085E5900C48914 /* CreateNewsViewController.swift in Sources */ = {isa = PBXBuildFile; fileRef = 56E34B5B1D085E5900C48914 /* CreateNewsViewController.swift */; };
		56E34B5E1D088A0700C48914 /* NewspapersSubscriptionViewController.swift in Sources */ = {isa = PBXBuildFile; fileRef = 56E34B5D1D088A0700C48914 /* NewspapersSubscriptionViewController.swift */; };
		56E34B601D08918300C48914 /* UIViewController+ErrorAlert.swift in Sources */ = {isa = PBXBuildFile; fileRef = 56E34B5F1D08918300C48914 /* UIViewController+ErrorAlert.swift */; };
		56E34B621D09D6B900C48914 /* NewsDetailsViewController.swift in Sources */ = {isa = PBXBuildFile; fileRef = 56E34B611D09D6B900C48914 /* NewsDetailsViewController.swift */; };
		B83FA77FDCAF59A011BD8826 /* Pods_Otec.framework in Frameworks */ = {isa = PBXBuildFile; fileRef = 6C3FBEB86AB9FD5BF7C964FF /* Pods_Otec.framework */; };
/* End PBXBuildFile section */

/* Begin PBXContainerItemProxy section */
		56BB7A701CE360590095045C /* PBXContainerItemProxy */ = {
			isa = PBXContainerItemProxy;
			containerPortal = 56BB7A531CE360590095045C /* Project object */;
			proxyType = 1;
			remoteGlobalIDString = 56BB7A5A1CE360590095045C;
			remoteInfo = Otec;
		};
		56BB7A7B1CE360590095045C /* PBXContainerItemProxy */ = {
			isa = PBXContainerItemProxy;
			containerPortal = 56BB7A531CE360590095045C /* Project object */;
			proxyType = 1;
			remoteGlobalIDString = 56BB7A5A1CE360590095045C;
			remoteInfo = Otec;
		};
/* End PBXContainerItemProxy section */

/* Begin PBXFileReference section */
		349A20B16E0E71922744B162 /* Pods-Otec.debug.xcconfig */ = {isa = PBXFileReference; includeInIndex = 1; lastKnownFileType = text.xcconfig; name = "Pods-Otec.debug.xcconfig"; path = "Pods/Target Support Files/Pods-Otec/Pods-Otec.debug.xcconfig"; sourceTree = "<group>"; };
		564912871D11929300847447 /* NewsListener.swift */ = {isa = PBXFileReference; fileEncoding = 4; lastKnownFileType = sourcecode.swift; path = NewsListener.swift; sourceTree = "<group>"; };
		564C9DBD1D01CDA800CEEB8C /* Constants.swift */ = {isa = PBXFileReference; fileEncoding = 4; lastKnownFileType = sourcecode.swift; path = Constants.swift; sourceTree = "<group>"; };
		56763AD41D0F1B1D008BF161 /* NewspaperSubscriptionTableViewCell.swift */ = {isa = PBXFileReference; fileEncoding = 4; lastKnownFileType = sourcecode.swift; path = NewspaperSubscriptionTableViewCell.swift; sourceTree = "<group>"; };
		56763AD61D0F2D08008BF161 /* NewspaperSubscriptionDataSource.swift */ = {isa = PBXFileReference; fileEncoding = 4; lastKnownFileType = sourcecode.swift; path = NewspaperSubscriptionDataSource.swift; sourceTree = "<group>"; };
		56763AD81D0F4142008BF161 /* NewspaperNewsListViewController.swift */ = {isa = PBXFileReference; fileEncoding = 4; lastKnownFileType = sourcecode.swift; path = NewspaperNewsListViewController.swift; sourceTree = "<group>"; };
		56763ADD1D0F5B57008BF161 /* NewsTableViewCell.xib */ = {isa = PBXFileReference; fileEncoding = 4; lastKnownFileType = file.xib; path = NewsTableViewCell.xib; sourceTree = "<group>"; };
		56763AE01D103D45008BF161 /* NSURLSessionBackend+Otec.swift */ = {isa = PBXFileReference; fileEncoding = 4; lastKnownFileType = sourcecode.swift; path = "NSURLSessionBackend+Otec.swift"; sourceTree = "<group>"; };
		569854191D020AE5001B0F0F /* TextValidations.swift */ = {isa = PBXFileReference; fileEncoding = 4; lastKnownFileType = sourcecode.swift; path = TextValidations.swift; sourceTree = "<group>"; };
		56B6897F1D05B33B008D0320 /* UserNewspaperSession.swift */ = {isa = PBXFileReference; fileEncoding = 4; lastKnownFileType = sourcecode.swift; path = UserNewspaperSession.swift; sourceTree = "<group>"; };
		56B689851D05FB7C008D0320 /* NewsDataSource.swift */ = {isa = PBXFileReference; fileEncoding = 4; lastKnownFileType = sourcecode.swift; path = NewsDataSource.swift; sourceTree = "<group>"; };
		56B689871D06103E008D0320 /* NewsTableViewCell.swift */ = {isa = PBXFileReference; fileEncoding = 4; lastKnownFileType = sourcecode.swift; path = NewsTableViewCell.swift; sourceTree = "<group>"; };
		56BB72211CF4A8EF000A7006 /* NewsRepository.swift */ = {isa = PBXFileReference; fileEncoding = 4; lastKnownFileType = sourcecode.swift; path = NewsRepository.swift; sourceTree = "<group>"; };
		56BB72231CF4CC5A000A7006 /* NewspaperRepository.swift */ = {isa = PBXFileReference; fileEncoding = 4; lastKnownFileType = sourcecode.swift; path = NewspaperRepository.swift; sourceTree = "<group>"; };
		56BB7A5B1CE360590095045C /* Otec.app */ = {isa = PBXFileReference; explicitFileType = wrapper.application; includeInIndex = 0; path = Otec.app; sourceTree = BUILT_PRODUCTS_DIR; };
		56BB7A5E1CE360590095045C /* AppDelegate.swift */ = {isa = PBXFileReference; lastKnownFileType = sourcecode.swift; path = AppDelegate.swift; sourceTree = "<group>"; };
		56BB7A601CE360590095045C /* NewsFeedViewController.swift */ = {isa = PBXFileReference; lastKnownFileType = sourcecode.swift; path = NewsFeedViewController.swift; sourceTree = "<group>"; };
		56BB7A631CE360590095045C /* Base */ = {isa = PBXFileReference; lastKnownFileType = file.storyboard; name = Base; path = Base.lproj/Main.storyboard; sourceTree = "<group>"; };
		56BB7A651CE360590095045C /* Assets.xcassets */ = {isa = PBXFileReference; lastKnownFileType = folder.assetcatalog; path = Assets.xcassets; sourceTree = "<group>"; };
		56BB7A681CE360590095045C /* Base */ = {isa = PBXFileReference; lastKnownFileType = file.storyboard; name = Base; path = Base.lproj/LaunchScreen.storyboard; sourceTree = "<group>"; };
		56BB7A6A1CE360590095045C /* Info.plist */ = {isa = PBXFileReference; lastKnownFileType = text.plist.xml; path = Info.plist; sourceTree = "<group>"; };
		56BB7A6F1CE360590095045C /* OtecTests.xctest */ = {isa = PBXFileReference; explicitFileType = wrapper.cfbundle; includeInIndex = 0; path = OtecTests.xctest; sourceTree = BUILT_PRODUCTS_DIR; };
		56BB7A731CE360590095045C /* OtecTests.swift */ = {isa = PBXFileReference; lastKnownFileType = sourcecode.swift; path = OtecTests.swift; sourceTree = "<group>"; };
		56BB7A751CE360590095045C /* Info.plist */ = {isa = PBXFileReference; lastKnownFileType = text.plist.xml; path = Info.plist; sourceTree = "<group>"; };
		56BB7A7A1CE360590095045C /* OtecUITests.xctest */ = {isa = PBXFileReference; explicitFileType = wrapper.cfbundle; includeInIndex = 0; path = OtecUITests.xctest; sourceTree = BUILT_PRODUCTS_DIR; };
		56BB7A7E1CE360590095045C /* OtecUITests.swift */ = {isa = PBXFileReference; lastKnownFileType = sourcecode.swift; path = OtecUITests.swift; sourceTree = "<group>"; };
		56BB7A801CE360590095045C /* Info.plist */ = {isa = PBXFileReference; lastKnownFileType = text.plist.xml; path = Info.plist; sourceTree = "<group>"; };
		56BB7A8C1CE375170095045C /* LoginViewController.swift */ = {isa = PBXFileReference; fileEncoding = 4; lastKnownFileType = sourcecode.swift; path = LoginViewController.swift; sourceTree = "<group>"; };
		56BB7A8E1CE39A180095045C /* CreateNewspaperViewController.swift */ = {isa = PBXFileReference; fileEncoding = 4; lastKnownFileType = sourcecode.swift; path = CreateNewspaperViewController.swift; sourceTree = "<group>"; };
		56E1FD481CEE00FB001FC8A4 /* Newspaper.swift */ = {isa = PBXFileReference; fileEncoding = 4; lastKnownFileType = sourcecode.swift; path = Newspaper.swift; sourceTree = "<group>"; };
		56E1FD4A1CEE0116001FC8A4 /* News.swift */ = {isa = PBXFileReference; fileEncoding = 4; lastKnownFileType = sourcecode.swift; path = News.swift; sourceTree = "<group>"; };
		56E34B5B1D085E5900C48914 /* CreateNewsViewController.swift */ = {isa = PBXFileReference; fileEncoding = 4; lastKnownFileType = sourcecode.swift; path = CreateNewsViewController.swift; sourceTree = "<group>"; };
		56E34B5D1D088A0700C48914 /* NewspapersSubscriptionViewController.swift */ = {isa = PBXFileReference; fileEncoding = 4; lastKnownFileType = sourcecode.swift; path = NewspapersSubscriptionViewController.swift; sourceTree = "<group>"; };
		56E34B5F1D08918300C48914 /* UIViewController+ErrorAlert.swift */ = {isa = PBXFileReference; fileEncoding = 4; lastKnownFileType = sourcecode.swift; path = "UIViewController+ErrorAlert.swift"; sourceTree = "<group>"; };
		56E34B611D09D6B900C48914 /* NewsDetailsViewController.swift */ = {isa = PBXFileReference; fileEncoding = 4; lastKnownFileType = sourcecode.swift; path = NewsDetailsViewController.swift; sourceTree = "<group>"; };
		6C3FBEB86AB9FD5BF7C964FF /* Pods_Otec.framework */ = {isa = PBXFileReference; explicitFileType = wrapper.framework; includeInIndex = 0; path = Pods_Otec.framework; sourceTree = BUILT_PRODUCTS_DIR; };
		A0A58EFAC7B7F3A640D98CC9 /* Pods-Otec.release.xcconfig */ = {isa = PBXFileReference; includeInIndex = 1; lastKnownFileType = text.xcconfig; name = "Pods-Otec.release.xcconfig"; path = "Pods/Target Support Files/Pods-Otec/Pods-Otec.release.xcconfig"; sourceTree = "<group>"; };
/* End PBXFileReference section */

/* Begin PBXFrameworksBuildPhase section */
		56BB7A581CE360590095045C /* Frameworks */ = {
			isa = PBXFrameworksBuildPhase;
			buildActionMask = 2147483647;
			files = (
				B83FA77FDCAF59A011BD8826 /* Pods_Otec.framework in Frameworks */,
			);
			runOnlyForDeploymentPostprocessing = 0;
		};
		56BB7A6C1CE360590095045C /* Frameworks */ = {
			isa = PBXFrameworksBuildPhase;
			buildActionMask = 2147483647;
			files = (
			);
			runOnlyForDeploymentPostprocessing = 0;
		};
		56BB7A771CE360590095045C /* Frameworks */ = {
			isa = PBXFrameworksBuildPhase;
			buildActionMask = 2147483647;
			files = (
			);
			runOnlyForDeploymentPostprocessing = 0;
		};
/* End PBXFrameworksBuildPhase section */

/* Begin PBXGroup section */
		28B80E261FBD09B089D8370E /* Pods */ = {
			isa = PBXGroup;
			children = (
				349A20B16E0E71922744B162 /* Pods-Otec.debug.xcconfig */,
				A0A58EFAC7B7F3A640D98CC9 /* Pods-Otec.release.xcconfig */,
			);
			name = Pods;
			sourceTree = "<group>";
		};
		36E24CB39A2EB8F641A37EBB /* Frameworks */ = {
			isa = PBXGroup;
			children = (
				6C3FBEB86AB9FD5BF7C964FF /* Pods_Otec.framework */,
			);
			name = Frameworks;
			sourceTree = "<group>";
		};
		569854181D020AC7001B0F0F /* Utilities */ = {
			isa = PBXGroup;
			children = (
				564C9DBD1D01CDA800CEEB8C /* Constants.swift */,
				56B6897F1D05B33B008D0320 /* UserNewspaperSession.swift */,
				569854191D020AE5001B0F0F /* TextValidations.swift */,
				56E34B5F1D08918300C48914 /* UIViewController+ErrorAlert.swift */,
			);
			name = Utilities;
			sourceTree = "<group>";
		};
		56BB7A521CE360590095045C = {
			isa = PBXGroup;
			children = (
				56BB7A5D1CE360590095045C /* Otec */,
				56BB7A721CE360590095045C /* OtecTests */,
				56BB7A7D1CE360590095045C /* OtecUITests */,
				56BB7A5C1CE360590095045C /* Products */,
				28B80E261FBD09B089D8370E /* Pods */,
				36E24CB39A2EB8F641A37EBB /* Frameworks */,
			);
			sourceTree = "<group>";
		};
		56BB7A5C1CE360590095045C /* Products */ = {
			isa = PBXGroup;
			children = (
				56BB7A5B1CE360590095045C /* Otec.app */,
				56BB7A6F1CE360590095045C /* OtecTests.xctest */,
				56BB7A7A1CE360590095045C /* OtecUITests.xctest */,
			);
			name = Products;
			sourceTree = "<group>";
		};
		56BB7A5D1CE360590095045C /* Otec */ = {
			isa = PBXGroup;
			children = (
				56E1FD471CEE00C1001FC8A4 /* Models */,
				56E1FD441CEDF74C001FC8A4 /* Server Connection */,
				569854181D020AC7001B0F0F /* Utilities */,
				56BB7A5E1CE360590095045C /* AppDelegate.swift */,
				56763AD81D0F4142008BF161 /* NewspaperNewsListViewController.swift */,
				56BB7A601CE360590095045C /* NewsFeedViewController.swift */,
				56B689871D06103E008D0320 /* NewsTableViewCell.swift */,
				56763AD41D0F1B1D008BF161 /* NewspaperSubscriptionTableViewCell.swift */,
				56B689851D05FB7C008D0320 /* NewsDataSource.swift */,
				56E34B5B1D085E5900C48914 /* CreateNewsViewController.swift */,
				56E34B611D09D6B900C48914 /* NewsDetailsViewController.swift */,
				56BB7A621CE360590095045C /* Main.storyboard */,
				56BB7A8C1CE375170095045C /* LoginViewController.swift */,
				56BB7A8E1CE39A180095045C /* CreateNewspaperViewController.swift */,
				56763ADD1D0F5B57008BF161 /* NewsTableViewCell.xib */,
				56E34B5D1D088A0700C48914 /* NewspapersSubscriptionViewController.swift */,
				56763AD61D0F2D08008BF161 /* NewspaperSubscriptionDataSource.swift */,
				56BB7A651CE360590095045C /* Assets.xcassets */,
				56BB7A671CE360590095045C /* LaunchScreen.storyboard */,
				56BB7A6A1CE360590095045C /* Info.plist */,
			);
			path = Otec;
			sourceTree = "<group>";
		};
		56BB7A721CE360590095045C /* OtecTests */ = {
			isa = PBXGroup;
			children = (
				56BB7A731CE360590095045C /* OtecTests.swift */,
				56BB7A751CE360590095045C /* Info.plist */,
			);
			path = OtecTests;
			sourceTree = "<group>";
		};
		56BB7A7D1CE360590095045C /* OtecUITests */ = {
			isa = PBXGroup;
			children = (
				56BB7A7E1CE360590095045C /* OtecUITests.swift */,
				56BB7A801CE360590095045C /* Info.plist */,
			);
			path = OtecUITests;
			sourceTree = "<group>";
		};
		56E1FD441CEDF74C001FC8A4 /* Server Connection */ = {
			isa = PBXGroup;
			children = (
				56BB72211CF4A8EF000A7006 /* NewsRepository.swift */,
				564912871D11929300847447 /* NewsListener.swift */,
				56BB72231CF4CC5A000A7006 /* NewspaperRepository.swift */,
				56763AE01D103D45008BF161 /* NSURLSessionBackend+Otec.swift */,
			);
			name = "Server Connection";
			sourceTree = "<group>";
		};
		56E1FD471CEE00C1001FC8A4 /* Models */ = {
			isa = PBXGroup;
			children = (
				56E1FD481CEE00FB001FC8A4 /* Newspaper.swift */,
				56E1FD4A1CEE0116001FC8A4 /* News.swift */,
			);
			name = Models;
			sourceTree = "<group>";
		};
/* End PBXGroup section */

/* Begin PBXNativeTarget section */
		56BB7A5A1CE360590095045C /* Otec */ = {
			isa = PBXNativeTarget;
			buildConfigurationList = 56BB7A831CE360590095045C /* Build configuration list for PBXNativeTarget "Otec" */;
			buildPhases = (
				E28EC0EB25F4CD243F9B782B /* [CP] Check Pods Manifest.lock */,
				56BB7A571CE360590095045C /* Sources */,
				56BB7A581CE360590095045C /* Frameworks */,
				56BB7A591CE360590095045C /* Resources */,
				6883C2B5DB3FE3DC47603EC3 /* [CP] Embed Pods Frameworks */,
				32F6340EDDA40536D228B47E /* [CP] Copy Pods Resources */,
				562757601D11EB8400ED09C8 /* ShellScript */,
			);
			buildRules = (
			);
			dependencies = (
			);
			name = Otec;
			productName = Otec;
			productReference = 56BB7A5B1CE360590095045C /* Otec.app */;
			productType = "com.apple.product-type.application";
		};
		56BB7A6E1CE360590095045C /* OtecTests */ = {
			isa = PBXNativeTarget;
			buildConfigurationList = 56BB7A861CE360590095045C /* Build configuration list for PBXNativeTarget "OtecTests" */;
			buildPhases = (
				56BB7A6B1CE360590095045C /* Sources */,
				56BB7A6C1CE360590095045C /* Frameworks */,
				56BB7A6D1CE360590095045C /* Resources */,
			);
			buildRules = (
			);
			dependencies = (
				56BB7A711CE360590095045C /* PBXTargetDependency */,
			);
			name = OtecTests;
			productName = OtecTests;
			productReference = 56BB7A6F1CE360590095045C /* OtecTests.xctest */;
			productType = "com.apple.product-type.bundle.unit-test";
		};
		56BB7A791CE360590095045C /* OtecUITests */ = {
			isa = PBXNativeTarget;
			buildConfigurationList = 56BB7A891CE360590095045C /* Build configuration list for PBXNativeTarget "OtecUITests" */;
			buildPhases = (
				56BB7A761CE360590095045C /* Sources */,
				56BB7A771CE360590095045C /* Frameworks */,
				56BB7A781CE360590095045C /* Resources */,
			);
			buildRules = (
			);
			dependencies = (
				56BB7A7C1CE360590095045C /* PBXTargetDependency */,
			);
			name = OtecUITests;
			productName = OtecUITests;
			productReference = 56BB7A7A1CE360590095045C /* OtecUITests.xctest */;
			productType = "com.apple.product-type.bundle.ui-testing";
		};
/* End PBXNativeTarget section */

/* Begin PBXProject section */
		56BB7A531CE360590095045C /* Project object */ = {
			isa = PBXProject;
			attributes = {
				LastSwiftUpdateCheck = 0730;
				LastUpgradeCheck = 0800;
				ORGANIZATIONNAME = Inaka;
				TargetAttributes = {
					56BB7A5A1CE360590095045C = {
						CreatedOnToolsVersion = 7.3;
						LastSwiftMigration = 0800;
					};
					56BB7A6E1CE360590095045C = {
						CreatedOnToolsVersion = 7.3;
						LastSwiftMigration = 0800;
						TestTargetID = 56BB7A5A1CE360590095045C;
					};
					56BB7A791CE360590095045C = {
						CreatedOnToolsVersion = 7.3;
						LastSwiftMigration = 0800;
						TestTargetID = 56BB7A5A1CE360590095045C;
					};
				};
			};
			buildConfigurationList = 56BB7A561CE360590095045C /* Build configuration list for PBXProject "Otec" */;
			compatibilityVersion = "Xcode 3.2";
			developmentRegion = English;
			hasScannedForEncodings = 0;
			knownRegions = (
				en,
				Base,
			);
			mainGroup = 56BB7A521CE360590095045C;
			productRefGroup = 56BB7A5C1CE360590095045C /* Products */;
			projectDirPath = "";
			projectRoot = "";
			targets = (
				56BB7A5A1CE360590095045C /* Otec */,
				56BB7A6E1CE360590095045C /* OtecTests */,
				56BB7A791CE360590095045C /* OtecUITests */,
			);
		};
/* End PBXProject section */

/* Begin PBXResourcesBuildPhase section */
		56BB7A591CE360590095045C /* Resources */ = {
			isa = PBXResourcesBuildPhase;
			buildActionMask = 2147483647;
			files = (
				56763ADF1D0F5B57008BF161 /* NewsTableViewCell.xib in Resources */,
				56BB7A691CE360590095045C /* LaunchScreen.storyboard in Resources */,
				56BB7A661CE360590095045C /* Assets.xcassets in Resources */,
				56BB7A641CE360590095045C /* Main.storyboard in Resources */,
			);
			runOnlyForDeploymentPostprocessing = 0;
		};
		56BB7A6D1CE360590095045C /* Resources */ = {
			isa = PBXResourcesBuildPhase;
			buildActionMask = 2147483647;
			files = (
			);
			runOnlyForDeploymentPostprocessing = 0;
		};
		56BB7A781CE360590095045C /* Resources */ = {
			isa = PBXResourcesBuildPhase;
			buildActionMask = 2147483647;
			files = (
			);
			runOnlyForDeploymentPostprocessing = 0;
		};
/* End PBXResourcesBuildPhase section */

/* Begin PBXShellScriptBuildPhase section */
		32F6340EDDA40536D228B47E /* [CP] Copy Pods Resources */ = {
			isa = PBXShellScriptBuildPhase;
			buildActionMask = 2147483647;
			files = (
			);
			inputPaths = (
			);
			name = "[CP] Copy Pods Resources";
			outputPaths = (
			);
			runOnlyForDeploymentPostprocessing = 0;
			shellPath = /bin/sh;
			shellScript = "\"${SRCROOT}/Pods/Target Support Files/Pods-Otec/Pods-Otec-resources.sh\"\n";
			showEnvVarsInLog = 0;
		};
		562757601D11EB8400ED09C8 /* ShellScript */ = {
			isa = PBXShellScriptBuildPhase;
			buildActionMask = 2147483647;
			files = (
			);
			inputPaths = (
			);
			outputPaths = (
			);
			runOnlyForDeploymentPostprocessing = 0;
			shellPath = /bin/sh;
			shellScript = "if which swiftlint >/dev/null; then\nswiftlint\nelse\necho \"warning: SwiftLint not installed, download from https://github.com/realm/SwiftLint\"\nfi";
		};
		6883C2B5DB3FE3DC47603EC3 /* [CP] Embed Pods Frameworks */ = {
			isa = PBXShellScriptBuildPhase;
			buildActionMask = 2147483647;
			files = (
			);
			inputPaths = (
			);
			name = "[CP] Embed Pods Frameworks";
			outputPaths = (
			);
			runOnlyForDeploymentPostprocessing = 0;
			shellPath = /bin/sh;
			shellScript = "\"${SRCROOT}/Pods/Target Support Files/Pods-Otec/Pods-Otec-frameworks.sh\"\n";
			showEnvVarsInLog = 0;
		};
		E28EC0EB25F4CD243F9B782B /* [CP] Check Pods Manifest.lock */ = {
			isa = PBXShellScriptBuildPhase;
			buildActionMask = 2147483647;
			files = (
			);
			inputPaths = (
			);
			name = "[CP] Check Pods Manifest.lock";
			outputPaths = (
			);
			runOnlyForDeploymentPostprocessing = 0;
			shellPath = /bin/sh;
			shellScript = "diff \"${PODS_ROOT}/../Podfile.lock\" \"${PODS_ROOT}/Manifest.lock\" > /dev/null\nif [[ $? != 0 ]] ; then\n    cat << EOM\nerror: The sandbox is not in sync with the Podfile.lock. Run 'pod install' or update your CocoaPods installation.\nEOM\n    exit 1\nfi\n";
			showEnvVarsInLog = 0;
		};
/* End PBXShellScriptBuildPhase section */

/* Begin PBXSourcesBuildPhase section */
		56BB7A571CE360590095045C /* Sources */ = {
			isa = PBXSourcesBuildPhase;
			buildActionMask = 2147483647;
			files = (
				56BB7A8D1CE375170095045C /* LoginViewController.swift in Sources */,
				56763AD91D0F4142008BF161 /* NewspaperNewsListViewController.swift in Sources */,
				56E1FD491CEE00FB001FC8A4 /* Newspaper.swift in Sources */,
				56BB72241CF4CC5A000A7006 /* NewspaperRepository.swift in Sources */,
				56E34B601D08918300C48914 /* UIViewController+ErrorAlert.swift in Sources */,
				5698541A1D020AE5001B0F0F /* TextValidations.swift in Sources */,
				56B689881D06103E008D0320 /* NewsTableViewCell.swift in Sources */,
				56763AD51D0F1B1D008BF161 /* NewspaperSubscriptionTableViewCell.swift in Sources */,
				56E34B621D09D6B900C48914 /* NewsDetailsViewController.swift in Sources */,
				56763AE11D103D45008BF161 /* NSURLSessionBackend+Otec.swift in Sources */,
				56763AD71D0F2D08008BF161 /* NewspaperSubscriptionDataSource.swift in Sources */,
				56BB7A611CE360590095045C /* NewsFeedViewController.swift in Sources */,
				564912881D11929300847447 /* NewsListener.swift in Sources */,
				56BB72221CF4A8EF000A7006 /* NewsRepository.swift in Sources */,
				56E34B5E1D088A0700C48914 /* NewspapersSubscriptionViewController.swift in Sources */,
				56E1FD4B1CEE0116001FC8A4 /* News.swift in Sources */,
				56BB7A8F1CE39A180095045C /* CreateNewspaperViewController.swift in Sources */,
				56BB7A5F1CE360590095045C /* AppDelegate.swift in Sources */,
				56B689801D05B33B008D0320 /* UserNewspaperSession.swift in Sources */,
				564C9DBE1D01CDA800CEEB8C /* Constants.swift in Sources */,
				56B689861D05FB7C008D0320 /* NewsDataSource.swift in Sources */,
				56E34B5C1D085E5900C48914 /* CreateNewsViewController.swift in Sources */,
			);
			runOnlyForDeploymentPostprocessing = 0;
		};
		56BB7A6B1CE360590095045C /* Sources */ = {
			isa = PBXSourcesBuildPhase;
			buildActionMask = 2147483647;
			files = (
				56BB7A741CE360590095045C /* OtecTests.swift in Sources */,
			);
			runOnlyForDeploymentPostprocessing = 0;
		};
		56BB7A761CE360590095045C /* Sources */ = {
			isa = PBXSourcesBuildPhase;
			buildActionMask = 2147483647;
			files = (
				56BB7A7F1CE360590095045C /* OtecUITests.swift in Sources */,
			);
			runOnlyForDeploymentPostprocessing = 0;
		};
/* End PBXSourcesBuildPhase section */

/* Begin PBXTargetDependency section */
		56BB7A711CE360590095045C /* PBXTargetDependency */ = {
			isa = PBXTargetDependency;
			target = 56BB7A5A1CE360590095045C /* Otec */;
			targetProxy = 56BB7A701CE360590095045C /* PBXContainerItemProxy */;
		};
		56BB7A7C1CE360590095045C /* PBXTargetDependency */ = {
			isa = PBXTargetDependency;
			target = 56BB7A5A1CE360590095045C /* Otec */;
			targetProxy = 56BB7A7B1CE360590095045C /* PBXContainerItemProxy */;
		};
/* End PBXTargetDependency section */

/* Begin PBXVariantGroup section */
		56BB7A621CE360590095045C /* Main.storyboard */ = {
			isa = PBXVariantGroup;
			children = (
				56BB7A631CE360590095045C /* Base */,
			);
			name = Main.storyboard;
			sourceTree = "<group>";
		};
		56BB7A671CE360590095045C /* LaunchScreen.storyboard */ = {
			isa = PBXVariantGroup;
			children = (
				56BB7A681CE360590095045C /* Base */,
			);
			name = LaunchScreen.storyboard;
			sourceTree = "<group>";
		};
/* End PBXVariantGroup section */

/* Begin XCBuildConfiguration section */
		56BB7A811CE360590095045C /* Debug */ = {
			isa = XCBuildConfiguration;
			buildSettings = {
				ALWAYS_SEARCH_USER_PATHS = NO;
				CLANG_ANALYZER_NONNULL = YES;
				CLANG_CXX_LANGUAGE_STANDARD = "gnu++0x";
				CLANG_CXX_LIBRARY = "libc++";
				CLANG_ENABLE_MODULES = YES;
				CLANG_ENABLE_OBJC_ARC = YES;
				CLANG_WARN_BOOL_CONVERSION = YES;
				CLANG_WARN_CONSTANT_CONVERSION = YES;
				CLANG_WARN_DIRECT_OBJC_ISA_USAGE = YES_ERROR;
				CLANG_WARN_EMPTY_BODY = YES;
				CLANG_WARN_ENUM_CONVERSION = YES;
				CLANG_WARN_INFINITE_RECURSION = YES;
				CLANG_WARN_INT_CONVERSION = YES;
				CLANG_WARN_OBJC_ROOT_CLASS = YES_ERROR;
				CLANG_WARN_SUSPICIOUS_MOVE = YES;
				CLANG_WARN_UNREACHABLE_CODE = YES;
				CLANG_WARN__DUPLICATE_METHOD_MATCH = YES;
				CODE_SIGN_IDENTITY = "iPhone Developer";
				"CODE_SIGN_IDENTITY[sdk=iphoneos*]" = "iPhone Developer";
				COPY_PHASE_STRIP = NO;
				DEBUG_INFORMATION_FORMAT = dwarf;
				ENABLE_STRICT_OBJC_MSGSEND = YES;
				ENABLE_TESTABILITY = YES;
				GCC_C_LANGUAGE_STANDARD = gnu99;
				GCC_DYNAMIC_NO_PIC = NO;
				GCC_NO_COMMON_BLOCKS = YES;
				GCC_OPTIMIZATION_LEVEL = 0;
				GCC_PREPROCESSOR_DEFINITIONS = (
					"DEBUG=1",
					"$(inherited)",
				);
				GCC_WARN_64_TO_32_BIT_CONVERSION = YES;
				GCC_WARN_ABOUT_RETURN_TYPE = YES_ERROR;
				GCC_WARN_UNDECLARED_SELECTOR = YES;
				GCC_WARN_UNINITIALIZED_AUTOS = YES_AGGRESSIVE;
				GCC_WARN_UNUSED_FUNCTION = YES;
				GCC_WARN_UNUSED_VARIABLE = YES;
				IPHONEOS_DEPLOYMENT_TARGET = 8.0;
				MTL_ENABLE_DEBUG_INFO = YES;
				ONLY_ACTIVE_ARCH = YES;
				SDKROOT = iphoneos;
				SWIFT_OPTIMIZATION_LEVEL = "-Onone";
				TARGETED_DEVICE_FAMILY = "1,2";
			};
			name = Debug;
		};
		56BB7A821CE360590095045C /* Release */ = {
			isa = XCBuildConfiguration;
			buildSettings = {
				ALWAYS_SEARCH_USER_PATHS = NO;
				CLANG_ANALYZER_NONNULL = YES;
				CLANG_CXX_LANGUAGE_STANDARD = "gnu++0x";
				CLANG_CXX_LIBRARY = "libc++";
				CLANG_ENABLE_MODULES = YES;
				CLANG_ENABLE_OBJC_ARC = YES;
				CLANG_WARN_BOOL_CONVERSION = YES;
				CLANG_WARN_CONSTANT_CONVERSION = YES;
				CLANG_WARN_DIRECT_OBJC_ISA_USAGE = YES_ERROR;
				CLANG_WARN_EMPTY_BODY = YES;
				CLANG_WARN_ENUM_CONVERSION = YES;
				CLANG_WARN_INFINITE_RECURSION = YES;
				CLANG_WARN_INT_CONVERSION = YES;
				CLANG_WARN_OBJC_ROOT_CLASS = YES_ERROR;
				CLANG_WARN_SUSPICIOUS_MOVE = YES;
				CLANG_WARN_UNREACHABLE_CODE = YES;
				CLANG_WARN__DUPLICATE_METHOD_MATCH = YES;
				CODE_SIGN_IDENTITY = "iPhone Developer";
				"CODE_SIGN_IDENTITY[sdk=iphoneos*]" = "iPhone Developer";
				COPY_PHASE_STRIP = NO;
				DEBUG_INFORMATION_FORMAT = "dwarf-with-dsym";
				ENABLE_NS_ASSERTIONS = NO;
				ENABLE_STRICT_OBJC_MSGSEND = YES;
				GCC_C_LANGUAGE_STANDARD = gnu99;
				GCC_NO_COMMON_BLOCKS = YES;
				GCC_WARN_64_TO_32_BIT_CONVERSION = YES;
				GCC_WARN_ABOUT_RETURN_TYPE = YES_ERROR;
				GCC_WARN_UNDECLARED_SELECTOR = YES;
				GCC_WARN_UNINITIALIZED_AUTOS = YES_AGGRESSIVE;
				GCC_WARN_UNUSED_FUNCTION = YES;
				GCC_WARN_UNUSED_VARIABLE = YES;
				IPHONEOS_DEPLOYMENT_TARGET = 8.0;
				MTL_ENABLE_DEBUG_INFO = NO;
				SDKROOT = iphoneos;
				SWIFT_OPTIMIZATION_LEVEL = "-Owholemodule";
				TARGETED_DEVICE_FAMILY = "1,2";
				VALIDATE_PRODUCT = YES;
			};
			name = Release;
		};
		56BB7A841CE360590095045C /* Debug */ = {
			isa = XCBuildConfiguration;
			baseConfigurationReference = 349A20B16E0E71922744B162 /* Pods-Otec.debug.xcconfig */;
			buildSettings = {
				ALWAYS_EMBED_SWIFT_STANDARD_LIBRARIES = YES;
				ASSETCATALOG_COMPILER_APPICON_NAME = AppIcon;
				CODE_SIGN_IDENTITY = "iPhone Developer";
				INFOPLIST_FILE = Otec/Info.plist;
				IPHONEOS_DEPLOYMENT_TARGET = 9;
				LD_RUNPATH_SEARCH_PATHS = "$(inherited) @executable_path/Frameworks";
				PRODUCT_BUNDLE_IDENTIFIER = com.inaka.otec;
				PRODUCT_NAME = "$(TARGET_NAME)";
				SWIFT_VERSION = 3.0;
			};
			name = Debug;
		};
		56BB7A851CE360590095045C /* Release */ = {
			isa = XCBuildConfiguration;
			baseConfigurationReference = A0A58EFAC7B7F3A640D98CC9 /* Pods-Otec.release.xcconfig */;
			buildSettings = {
				ALWAYS_EMBED_SWIFT_STANDARD_LIBRARIES = YES;
				ASSETCATALOG_COMPILER_APPICON_NAME = AppIcon;
				CODE_SIGN_IDENTITY = "iPhone Developer";
				INFOPLIST_FILE = Otec/Info.plist;
				IPHONEOS_DEPLOYMENT_TARGET = 9;
				LD_RUNPATH_SEARCH_PATHS = "$(inherited) @executable_path/Frameworks";
				PRODUCT_BUNDLE_IDENTIFIER = com.inaka.otec;
				PRODUCT_NAME = "$(TARGET_NAME)";
				SWIFT_VERSION = 3.0;
			};
			name = Release;
		};
		56BB7A871CE360590095045C /* Debug */ = {
			isa = XCBuildConfiguration;
			buildSettings = {
				BUNDLE_LOADER = "$(TEST_HOST)";
				INFOPLIST_FILE = OtecTests/Info.plist;
				LD_RUNPATH_SEARCH_PATHS = "$(inherited) @executable_path/Frameworks @loader_path/Frameworks";
				PRODUCT_BUNDLE_IDENTIFIER = Inaka.OtecTests;
				PRODUCT_NAME = "$(TARGET_NAME)";
				SWIFT_VERSION = 3.0;
				TEST_HOST = "$(BUILT_PRODUCTS_DIR)/Otec.app/Otec";
			};
			name = Debug;
		};
		56BB7A881CE360590095045C /* Release */ = {
			isa = XCBuildConfiguration;
			buildSettings = {
				BUNDLE_LOADER = "$(TEST_HOST)";
				INFOPLIST_FILE = OtecTests/Info.plist;
				LD_RUNPATH_SEARCH_PATHS = "$(inherited) @executable_path/Frameworks @loader_path/Frameworks";
				PRODUCT_BUNDLE_IDENTIFIER = Inaka.OtecTests;
				PRODUCT_NAME = "$(TARGET_NAME)";
				SWIFT_VERSION = 3.0;
				TEST_HOST = "$(BUILT_PRODUCTS_DIR)/Otec.app/Otec";
			};
			name = Release;
		};
		56BB7A8A1CE360590095045C /* Debug */ = {
			isa = XCBuildConfiguration;
			buildSettings = {
				INFOPLIST_FILE = OtecUITests/Info.plist;
				LD_RUNPATH_SEARCH_PATHS = "$(inherited) @executable_path/Frameworks @loader_path/Frameworks";
				PRODUCT_BUNDLE_IDENTIFIER = Inaka.OtecUITests;
				PRODUCT_NAME = "$(TARGET_NAME)";
				SWIFT_VERSION = 3.0;
				TEST_TARGET_NAME = Otec;
			};
			name = Debug;
		};
		56BB7A8B1CE360590095045C /* Release */ = {
			isa = XCBuildConfiguration;
			buildSettings = {
				INFOPLIST_FILE = OtecUITests/Info.plist;
				LD_RUNPATH_SEARCH_PATHS = "$(inherited) @executable_path/Frameworks @loader_path/Frameworks";
				PRODUCT_BUNDLE_IDENTIFIER = Inaka.OtecUITests;
				PRODUCT_NAME = "$(TARGET_NAME)";
				SWIFT_VERSION = 3.0;
				TEST_TARGET_NAME = Otec;
			};
			name = Release;
		};
/* End XCBuildConfiguration section */

/* Begin XCConfigurationList section */
		56BB7A561CE360590095045C /* Build configuration list for PBXProject "Otec" */ = {
			isa = XCConfigurationList;
			buildConfigurations = (
				56BB7A811CE360590095045C /* Debug */,
				56BB7A821CE360590095045C /* Release */,
			);
			defaultConfigurationIsVisible = 0;
			defaultConfigurationName = Release;
		};
		56BB7A831CE360590095045C /* Build configuration list for PBXNativeTarget "Otec" */ = {
			isa = XCConfigurationList;
			buildConfigurations = (
				56BB7A841CE360590095045C /* Debug */,
				56BB7A851CE360590095045C /* Release */,
			);
			defaultConfigurationIsVisible = 0;
			defaultConfigurationName = Release;
		};
		56BB7A861CE360590095045C /* Build configuration list for PBXNativeTarget "OtecTests" */ = {
			isa = XCConfigurationList;
			buildConfigurations = (
				56BB7A871CE360590095045C /* Debug */,
				56BB7A881CE360590095045C /* Release */,
			);
			defaultConfigurationIsVisible = 0;
			defaultConfigurationName = Release;
		};
		56BB7A891CE360590095045C /* Build configuration list for PBXNativeTarget "OtecUITests" */ = {
			isa = XCConfigurationList;
			buildConfigurations = (
				56BB7A8A1CE360590095045C /* Debug */,
				56BB7A8B1CE360590095045C /* Release */,
			);
			defaultConfigurationIsVisible = 0;
			defaultConfigurationName = Release;
		};
/* End XCConfigurationList section */
	};
	rootObject = 56BB7A531CE360590095045C /* Project object */;
}
